
Microsoft Visual Studio Solution File, Format Version 12.00
# Visual Studio Version 17
VisualStudioVersion = 17.7.34024.191
MinimumVisualStudioVersion = 10.0.40219.1
Project("{2150E333-8FDC-42A3-9474-1A3956D46DE8}") = "src", "src", "{516A2D2D-A361-42B1-BDB0-93A95F9CE838}"
EndProject
Project("{2150E333-8FDC-42A3-9474-1A3956D46DE8}") = "tests", "tests", "{4B4954A5-D239-4D0C-A159-14EEFCC1B984}"
EndProject
Project("{2150E333-8FDC-42A3-9474-1A3956D46DE8}") = "Application", "Application", "{ADB0AE9F-3257-44DD-834A-0FFB0BE405FB}"
EndProject
Project("{2150E333-8FDC-42A3-9474-1A3956D46DE8}") = "Domain", "Domain", "{5943B825-F8CF-4578-8426-2FC51A88314C}"
EndProject
Project("{2150E333-8FDC-42A3-9474-1A3956D46DE8}") = "Infra", "Infra", "{B93A7ACC-00BD-4C3A-8B09-86D79D16A02F}"
EndProject
Project("{2150E333-8FDC-42A3-9474-1A3956D46DE8}") = "Ui", "Ui", "{C0537F24-8DDF-43D2-BD96-B2D2B93762EC}"
EndProject
Project("{9A19103F-16F7-4668-BE54-9A1E7A4F7556}") = "Domain", "src\Domain\Domain.csproj", "{4DD02B6B-75B6-48A8-AA3E-2D2DD1BD733E}"
EndProject
Project("{9A19103F-16F7-4668-BE54-9A1E7A4F7556}") = "UnitTests", "tests\UnitTests\UnitTests.csproj", "{9DD561B2-1FFE-409C-9E0B-CC99053720F4}"
EndProject
Project("{9A19103F-16F7-4668-BE54-9A1E7A4F7556}") = "Application.DTO", "src\Application.DTO\Application.DTO.csproj", "{70FDC78C-F9BA-487F-A53F-3E392715B4ED}"
EndProject
Project("{9A19103F-16F7-4668-BE54-9A1E7A4F7556}") = "Application.Facade", "src\Application.Facade\Application.Facade.csproj", "{9F8BAD99-5333-4EDC-ACD5-E392DCB15E38}"
EndProject
Project("{9A19103F-16F7-4668-BE54-9A1E7A4F7556}") = "Infra.Repository", "src\Infra.Repository\Infra.Repository.csproj", "{56A471BC-9404-4FF0-86F2-398ECC3AB27F}"
EndProject
Project("{9A19103F-16F7-4668-BE54-9A1E7A4F7556}") = "Web.API", "src\Web.API\Web.API.csproj", "{DC097DA9-7520-4787-B879-4A250685FBE5}"
EndProject
Project("{2150E333-8FDC-42A3-9474-1A3956D46DE8}") = "env", "env", "{97337DF5-D92F-4AEF-8F31-BFEDD607DB5B}"
	ProjectSection(SolutionItems) = preProject
		env\docker-compose.yml = env\docker-compose.yml
	EndProjectSection
EndProject
Global
	GlobalSection(SolutionConfigurationPlatforms) = preSolution
		Debug|Any CPU = Debug|Any CPU
		Release|Any CPU = Release|Any CPU
	EndGlobalSection
	GlobalSection(ProjectConfigurationPlatforms) = postSolution
		{4DD02B6B-75B6-48A8-AA3E-2D2DD1BD733E}.Debug|Any CPU.ActiveCfg = Debug|Any CPU
		{4DD02B6B-75B6-48A8-AA3E-2D2DD1BD733E}.Debug|Any CPU.Build.0 = Debug|Any CPU
		{4DD02B6B-75B6-48A8-AA3E-2D2DD1BD733E}.Release|Any CPU.ActiveCfg = Release|Any CPU
		{4DD02B6B-75B6-48A8-AA3E-2D2DD1BD733E}.Release|Any CPU.Build.0 = Release|Any CPU
		{9DD561B2-1FFE-409C-9E0B-CC99053720F4}.Debug|Any CPU.ActiveCfg = Debug|Any CPU
		{9DD561B2-1FFE-409C-9E0B-CC99053720F4}.Debug|Any CPU.Build.0 = Debug|Any CPU
		{9DD561B2-1FFE-409C-9E0B-CC99053720F4}.Release|Any CPU.ActiveCfg = Release|Any CPU
		{9DD561B2-1FFE-409C-9E0B-CC99053720F4}.Release|Any CPU.Build.0 = Release|Any CPU
		{70FDC78C-F9BA-487F-A53F-3E392715B4ED}.Debug|Any CPU.ActiveCfg = Debug|Any CPU
		{70FDC78C-F9BA-487F-A53F-3E392715B4ED}.Debug|Any CPU.Build.0 = Debug|Any CPU
		{70FDC78C-F9BA-487F-A53F-3E392715B4ED}.Release|Any CPU.ActiveCfg = Release|Any CPU
		{70FDC78C-F9BA-487F-A53F-3E392715B4ED}.Release|Any CPU.Build.0 = Release|Any CPU
		{9F8BAD99-5333-4EDC-ACD5-E392DCB15E38}.Debug|Any CPU.ActiveCfg = Debug|Any CPU
		{9F8BAD99-5333-4EDC-ACD5-E392DCB15E38}.Debug|Any CPU.Build.0 = Debug|Any CPU
		{9F8BAD99-5333-4EDC-ACD5-E392DCB15E38}.Release|Any CPU.ActiveCfg = Release|Any CPU
		{9F8BAD99-5333-4EDC-ACD5-E392DCB15E38}.Release|Any CPU.Build.0 = Release|Any CPU
		{56A471BC-9404-4FF0-86F2-398ECC3AB27F}.Debug|Any CPU.ActiveCfg = Debug|Any CPU
		{56A471BC-9404-4FF0-86F2-398ECC3AB27F}.Debug|Any CPU.Build.0 = Debug|Any CPU
		{56A471BC-9404-4FF0-86F2-398ECC3AB27F}.Release|Any CPU.ActiveCfg = Release|Any CPU
		{56A471BC-9404-4FF0-86F2-398ECC3AB27F}.Release|Any CPU.Build.0 = Release|Any CPU
		{DC097DA9-7520-4787-B879-4A250685FBE5}.Debug|Any CPU.ActiveCfg = Debug|Any CPU
		{DC097DA9-7520-4787-B879-4A250685FBE5}.Debug|Any CPU.Build.0 = Debug|Any CPU
		{DC097DA9-7520-4787-B879-4A250685FBE5}.Release|Any CPU.ActiveCfg = Release|Any CPU
		{DC097DA9-7520-4787-B879-4A250685FBE5}.Release|Any CPU.Build.0 = Release|Any CPU
	EndGlobalSection
	GlobalSection(SolutionProperties) = preSolution
		HideSolutionNode = FALSE
	EndGlobalSection
	GlobalSection(NestedProjects) = preSolution
		{ADB0AE9F-3257-44DD-834A-0FFB0BE405FB} = {516A2D2D-A361-42B1-BDB0-93A95F9CE838}
		{5943B825-F8CF-4578-8426-2FC51A88314C} = {516A2D2D-A361-42B1-BDB0-93A95F9CE838}
		{B93A7ACC-00BD-4C3A-8B09-86D79D16A02F} = {516A2D2D-A361-42B1-BDB0-93A95F9CE838}
		{C0537F24-8DDF-43D2-BD96-B2D2B93762EC} = {516A2D2D-A361-42B1-BDB0-93A95F9CE838}
		{4DD02B6B-75B6-48A8-AA3E-2D2DD1BD733E} = {5943B825-F8CF-4578-8426-2FC51A88314C}
		{9DD561B2-1FFE-409C-9E0B-CC99053720F4} = {4B4954A5-D239-4D0C-A159-14EEFCC1B984}
		{70FDC78C-F9BA-487F-A53F-3E392715B4ED} = {ADB0AE9F-3257-44DD-834A-0FFB0BE405FB}
		{9F8BAD99-5333-4EDC-ACD5-E392DCB15E38} = {ADB0AE9F-3257-44DD-834A-0FFB0BE405FB}
		{56A471BC-9404-4FF0-86F2-398ECC3AB27F} = {B93A7ACC-00BD-4C3A-8B09-86D79D16A02F}
		{DC097DA9-7520-4787-B879-4A250685FBE5} = {C0537F24-8DDF-43D2-BD96-B2D2B93762EC}
	EndGlobalSection
	GlobalSection(ExtensibilityGlobals) = postSolution
		SolutionGuid = {ACDA48A3-51D5-44B3-B32B-520BD36D8ED4}
	EndGlobalSection
EndGlobal
